
Microsoft Visual Studio Solution File, Format Version 12.00
# Visual Studio Version 17
VisualStudioVersion = 17.14.36811.4 d17.14
MinimumVisualStudioVersion = 10.0.40219.1
Project("{FAE04EC0-301F-11D3-BF4B-00C04F79EFBC}") = "BikeRental.Domain", "BikeRental.Domain\BikeRental.Domain.csproj", "{5663A653-1A58-4692-AD1F-43EA8108A961}"
EndProject
Project("{FAE04EC0-301F-11D3-BF4B-00C04F79EFBC}") = "BikeRental.Test", "BikeRental.Test\BikeRental.Test.csproj", "{45EEBB0C-4244-4E01-8769-EB6C834463B1}"
EndProject
Project("{FAE04EC0-301F-11D3-BF4B-00C04F79EFBC}") = "BikeRental.Infrastructure.EfCore", "BikeRental.Infrastructure.EfCore\BikeRental.Infrastructure.EfCore.csproj", "{7CB7D034-DFF3-4BB7-BCD7-F298C06B1878}"
EndProject
Project("{FAE04EC0-301F-11D3-BF4B-00C04F79EFBC}") = "BikeRental.Application.Contracts", "BikeRental.Application.Contracts\BikeRental.Application.Contracts.csproj", "{40DAF66F-BF85-4265-AF4B-3DE652449CC1}"
EndProject
Project("{FAE04EC0-301F-11D3-BF4B-00C04F79EFBC}") = "BikeRental.Application", "BikeRental.Application\BikeRental.Application.csproj", "{88D47C03-76BD-490D-AEC4-64859A0E2F73}"
EndProject
Global
	GlobalSection(SolutionConfigurationPlatforms) = preSolution
		Debug|Any CPU = Debug|Any CPU
		Release|Any CPU = Release|Any CPU
	EndGlobalSection
	GlobalSection(ProjectConfigurationPlatforms) = postSolution
		{5663A653-1A58-4692-AD1F-43EA8108A961}.Debug|Any CPU.ActiveCfg = Debug|Any CPU
		{5663A653-1A58-4692-AD1F-43EA8108A961}.Debug|Any CPU.Build.0 = Debug|Any CPU
		{5663A653-1A58-4692-AD1F-43EA8108A961}.Release|Any CPU.ActiveCfg = Release|Any CPU
		{5663A653-1A58-4692-AD1F-43EA8108A961}.Release|Any CPU.Build.0 = Release|Any CPU
		{45EEBB0C-4244-4E01-8769-EB6C834463B1}.Debug|Any CPU.ActiveCfg = Debug|Any CPU
		{45EEBB0C-4244-4E01-8769-EB6C834463B1}.Debug|Any CPU.Build.0 = Debug|Any CPU
		{45EEBB0C-4244-4E01-8769-EB6C834463B1}.Release|Any CPU.ActiveCfg = Release|Any CPU
		{45EEBB0C-4244-4E01-8769-EB6C834463B1}.Release|Any CPU.Build.0 = Release|Any CPU
		{7CB7D034-DFF3-4BB7-BCD7-F298C06B1878}.Debug|Any CPU.ActiveCfg = Debug|Any CPU
		{7CB7D034-DFF3-4BB7-BCD7-F298C06B1878}.Debug|Any CPU.Build.0 = Debug|Any CPU
		{7CB7D034-DFF3-4BB7-BCD7-F298C06B1878}.Release|Any CPU.ActiveCfg = Release|Any CPU
		{7CB7D034-DFF3-4BB7-BCD7-F298C06B1878}.Release|Any CPU.Build.0 = Release|Any CPU
		{40DAF66F-BF85-4265-AF4B-3DE652449CC1}.Debug|Any CPU.ActiveCfg = Debug|Any CPU
		{40DAF66F-BF85-4265-AF4B-3DE652449CC1}.Debug|Any CPU.Build.0 = Debug|Any CPU
		{40DAF66F-BF85-4265-AF4B-3DE652449CC1}.Release|Any CPU.ActiveCfg = Release|Any CPU
		{40DAF66F-BF85-4265-AF4B-3DE652449CC1}.Release|Any CPU.Build.0 = Release|Any CPU
		{88D47C03-76BD-490D-AEC4-64859A0E2F73}.Debug|Any CPU.ActiveCfg = Debug|Any CPU
		{88D47C03-76BD-490D-AEC4-64859A0E2F73}.Debug|Any CPU.Build.0 = Debug|Any CPU
		{88D47C03-76BD-490D-AEC4-64859A0E2F73}.Release|Any CPU.ActiveCfg = Release|Any CPU
		{88D47C03-76BD-490D-AEC4-64859A0E2F73}.Release|Any CPU.Build.0 = Release|Any CPU
	EndGlobalSection
	GlobalSection(SolutionProperties) = preSolution
		HideSolutionNode = FALSE
	EndGlobalSection
	GlobalSection(ExtensibilityGlobals) = postSolution
		SolutionGuid = {75DE562D-C3C7-4DD4-877B-7D9679C3B47B}
	EndGlobalSection
EndGlobal
