
Microsoft Visual Studio Solution File, Format Version 12.00
# Visual Studio Version 17
VisualStudioVersion = 17.14.36811.4 d17.14
MinimumVisualStudioVersion = 10.0.40219.1
Project("{FAE04EC0-301F-11D3-BF4B-00C04F79EFBC}") = "BikeRental.Domain", "BikeRental.Domain\BikeRental.Domain.csproj", "{5663A653-1A58-4692-AD1F-43EA8108A961}"
EndProject
Project("{FAE04EC0-301F-11D3-BF4B-00C04F79EFBC}") = "BikeRental.Test", "BikeRental.Test\BikeRental.Test.csproj", "{45EEBB0C-4244-4E01-8769-EB6C834463B1}"
EndProject
Project("{FAE04EC0-301F-11D3-BF4B-00C04F79EFBC}") = "BikeRental.Infrastructure.EfCore", "BikeRental.Infrastructure.EfCore\BikeRental.Infrastructure.EfCore.csproj", "{7CB7D034-DFF3-4BB7-BCD7-F298C06B1878}"
EndProject
Project("{FAE04EC0-301F-11D3-BF4B-00C04F79EFBC}") = "BikeRental.Application.Contracts", "BikeRental.Application.Contracts\BikeRental.Application.Contracts.csproj", "{40DAF66F-BF85-4265-AF4B-3DE652449CC1}"
EndProject
Project("{FAE04EC0-301F-11D3-BF4B-00C04F79EFBC}") = "BikeRental.Application", "BikeRental.Application\BikeRental.Application.csproj", "{88D47C03-76BD-490D-AEC4-64859A0E2F73}"
EndProject
Project("{FAE04EC0-301F-11D3-BF4B-00C04F79EFBC}") = "BikeRental.Api.Host", "BikeRental.Api.Host\BikeRental.Api.Host.csproj", "{363BF221-48D2-3C24-A6AD-C455F39B04F6}"
EndProject
Project("{FAE04EC0-301F-11D3-BF4B-00C04F79EFBC}") = "BikeRental.AppHost", "BikeRental.AppHost\BikeRental.AppHost.csproj", "{C467210A-A2C9-41DE-B787-9C3C939271F0}"
EndProject
Project("{FAE04EC0-301F-11D3-BF4B-00C04F79EFBC}") = "BikeRental.ServiceDefaults", "BikeRental.ServiceDefaults\BikeRental.ServiceDefaults.csproj", "{6C958A7B-DFCF-E37F-C7A1-0E738AF54AF6}"
EndProject
Project("{FAE04EC0-301F-11D3-BF4B-00C04F79EFBC}") = "BikeRental.Infrastructure.Nats", "BikeRental.Infrastructure.Nats\BikeRental.Infrastructure.Nats.csproj", "{07A43154-BD02-4622-966C-3E759BA3A648}"
EndProject
Project("{FAE04EC0-301F-11D3-BF4B-00C04F79EFBC}") = "BikeRental.Generator.Nats.Host", "BikeRental.Generator.Nats.Host\BikeRental.Generator.Nats.Host.csproj", "{EC94D890-B98F-5E61-4D59-55C160EE7AC3}"
EndProject
Global
	GlobalSection(SolutionConfigurationPlatforms) = preSolution
		Debug|Any CPU = Debug|Any CPU
		Release|Any CPU = Release|Any CPU
	EndGlobalSection
	GlobalSection(ProjectConfigurationPlatforms) = postSolution
		{5663A653-1A58-4692-AD1F-43EA8108A961}.Debug|Any CPU.ActiveCfg = Debug|Any CPU
		{5663A653-1A58-4692-AD1F-43EA8108A961}.Debug|Any CPU.Build.0 = Debug|Any CPU
		{5663A653-1A58-4692-AD1F-43EA8108A961}.Release|Any CPU.ActiveCfg = Release|Any CPU
		{5663A653-1A58-4692-AD1F-43EA8108A961}.Release|Any CPU.Build.0 = Release|Any CPU
		{45EEBB0C-4244-4E01-8769-EB6C834463B1}.Debug|Any CPU.ActiveCfg = Debug|Any CPU
		{45EEBB0C-4244-4E01-8769-EB6C834463B1}.Debug|Any CPU.Build.0 = Debug|Any CPU
		{45EEBB0C-4244-4E01-8769-EB6C834463B1}.Release|Any CPU.ActiveCfg = Release|Any CPU
		{45EEBB0C-4244-4E01-8769-EB6C834463B1}.Release|Any CPU.Build.0 = Release|Any CPU
		{7CB7D034-DFF3-4BB7-BCD7-F298C06B1878}.Debug|Any CPU.ActiveCfg = Debug|Any CPU
		{7CB7D034-DFF3-4BB7-BCD7-F298C06B1878}.Debug|Any CPU.Build.0 = Debug|Any CPU
		{7CB7D034-DFF3-4BB7-BCD7-F298C06B1878}.Release|Any CPU.ActiveCfg = Release|Any CPU
		{7CB7D034-DFF3-4BB7-BCD7-F298C06B1878}.Release|Any CPU.Build.0 = Release|Any CPU
		{40DAF66F-BF85-4265-AF4B-3DE652449CC1}.Debug|Any CPU.ActiveCfg = Debug|Any CPU
		{40DAF66F-BF85-4265-AF4B-3DE652449CC1}.Debug|Any CPU.Build.0 = Debug|Any CPU
		{40DAF66F-BF85-4265-AF4B-3DE652449CC1}.Release|Any CPU.ActiveCfg = Release|Any CPU
		{40DAF66F-BF85-4265-AF4B-3DE652449CC1}.Release|Any CPU.Build.0 = Release|Any CPU
		{88D47C03-76BD-490D-AEC4-64859A0E2F73}.Debug|Any CPU.ActiveCfg = Debug|Any CPU
		{88D47C03-76BD-490D-AEC4-64859A0E2F73}.Debug|Any CPU.Build.0 = Debug|Any CPU
		{88D47C03-76BD-490D-AEC4-64859A0E2F73}.Release|Any CPU.ActiveCfg = Release|Any CPU
		{88D47C03-76BD-490D-AEC4-64859A0E2F73}.Release|Any CPU.Build.0 = Release|Any CPU
		{363BF221-48D2-3C24-A6AD-C455F39B04F6}.Debug|Any CPU.ActiveCfg = Debug|Any CPU
		{363BF221-48D2-3C24-A6AD-C455F39B04F6}.Debug|Any CPU.Build.0 = Debug|Any CPU
		{363BF221-48D2-3C24-A6AD-C455F39B04F6}.Release|Any CPU.ActiveCfg = Release|Any CPU
		{363BF221-48D2-3C24-A6AD-C455F39B04F6}.Release|Any CPU.Build.0 = Release|Any CPU
		{C467210A-A2C9-41DE-B787-9C3C939271F0}.Debug|Any CPU.ActiveCfg = Debug|Any CPU
		{C467210A-A2C9-41DE-B787-9C3C939271F0}.Debug|Any CPU.Build.0 = Debug|Any CPU
		{C467210A-A2C9-41DE-B787-9C3C939271F0}.Release|Any CPU.ActiveCfg = Release|Any CPU
		{C467210A-A2C9-41DE-B787-9C3C939271F0}.Release|Any CPU.Build.0 = Release|Any CPU
		{6C958A7B-DFCF-E37F-C7A1-0E738AF54AF6}.Debug|Any CPU.ActiveCfg = Debug|Any CPU
		{6C958A7B-DFCF-E37F-C7A1-0E738AF54AF6}.Debug|Any CPU.Build.0 = Debug|Any CPU
		{6C958A7B-DFCF-E37F-C7A1-0E738AF54AF6}.Release|Any CPU.ActiveCfg = Release|Any CPU
		{6C958A7B-DFCF-E37F-C7A1-0E738AF54AF6}.Release|Any CPU.Build.0 = Release|Any CPU
		{07A43154-BD02-4622-966C-3E759BA3A648}.Debug|Any CPU.ActiveCfg = Debug|Any CPU
		{07A43154-BD02-4622-966C-3E759BA3A648}.Debug|Any CPU.Build.0 = Debug|Any CPU
		{07A43154-BD02-4622-966C-3E759BA3A648}.Release|Any CPU.ActiveCfg = Release|Any CPU
		{07A43154-BD02-4622-966C-3E759BA3A648}.Release|Any CPU.Build.0 = Release|Any CPU
		{EC94D890-B98F-5E61-4D59-55C160EE7AC3}.Debug|Any CPU.ActiveCfg = Debug|Any CPU
		{EC94D890-B98F-5E61-4D59-55C160EE7AC3}.Debug|Any CPU.Build.0 = Debug|Any CPU
		{EC94D890-B98F-5E61-4D59-55C160EE7AC3}.Release|Any CPU.ActiveCfg = Release|Any CPU
		{EC94D890-B98F-5E61-4D59-55C160EE7AC3}.Release|Any CPU.Build.0 = Release|Any CPU
	EndGlobalSection
	GlobalSection(SolutionProperties) = preSolution
		HideSolutionNode = FALSE
	EndGlobalSection
	GlobalSection(ExtensibilityGlobals) = postSolution
		SolutionGuid = {75DE562D-C3C7-4DD4-877B-7D9679C3B47B}
	EndGlobalSection
EndGlobal
