
Microsoft Visual Studio Solution File, Format Version 12.00
# Visual Studio Version 17
VisualStudioVersion = 17.14.36811.4 d17.14
MinimumVisualStudioVersion = 10.0.40219.1
Project("{FAE04EC0-301F-11D3-BF4B-00C04F79EFBC}") = "BikeRental.Domain", "BikeRental.Domain\BikeRental.Domain.csproj", "{5663A653-1A58-4692-AD1F-43EA8108A961}"
EndProject
Global
	GlobalSection(SolutionConfigurationPlatforms) = preSolution
		Debug|Any CPU = Debug|Any CPU
		Release|Any CPU = Release|Any CPU
	EndGlobalSection
	GlobalSection(ProjectConfigurationPlatforms) = postSolution
		{5663A653-1A58-4692-AD1F-43EA8108A961}.Debug|Any CPU.ActiveCfg = Debug|Any CPU
		{5663A653-1A58-4692-AD1F-43EA8108A961}.Debug|Any CPU.Build.0 = Debug|Any CPU
		{5663A653-1A58-4692-AD1F-43EA8108A961}.Release|Any CPU.ActiveCfg = Release|Any CPU
		{5663A653-1A58-4692-AD1F-43EA8108A961}.Release|Any CPU.Build.0 = Release|Any CPU
	EndGlobalSection
	GlobalSection(SolutionProperties) = preSolution
		HideSolutionNode = FALSE
	EndGlobalSection
	GlobalSection(ExtensibilityGlobals) = postSolution
		SolutionGuid = {75DE562D-C3C7-4DD4-877B-7D9679C3B47B}
	EndGlobalSection
EndGlobal
